
Microsoft Visual Studio Solution File, Format Version 12.00
# Visual Studio Version 17
VisualStudioVersion = 17.9.34607.119
MinimumVisualStudioVersion = 10.0.40219.1
Project("{FAE04EC0-301F-11D3-BF4B-00C04F79EFBC}") = "LifeStyle", "LifeStyle\LifeStyle.csproj", "{F82C570E-B473-443C-8BAA-67665FEEE72F}"
EndProject
Global
	GlobalSection(SolutionConfigurationPlatforms) = preSolution
		Debug|Any CPU = Debug|Any CPU
		Release|Any CPU = Release|Any CPU
	EndGlobalSection
	GlobalSection(ProjectConfigurationPlatforms) = postSolution
		{F82C570E-B473-443C-8BAA-67665FEEE72F}.Debug|Any CPU.ActiveCfg = Debug|Any CPU
		{F82C570E-B473-443C-8BAA-67665FEEE72F}.Debug|Any CPU.Build.0 = Debug|Any CPU
		{F82C570E-B473-443C-8BAA-67665FEEE72F}.Release|Any CPU.ActiveCfg = Release|Any CPU
		{F82C570E-B473-443C-8BAA-67665FEEE72F}.Release|Any CPU.Build.0 = Release|Any CPU
	EndGlobalSection
	GlobalSection(SolutionProperties) = preSolution
		HideSolutionNode = FALSE
	EndGlobalSection
	GlobalSection(ExtensibilityGlobals) = postSolution
		SolutionGuid = {030F52AB-CD0A-4CBE-8E9D-07AB03667E6F}
	EndGlobalSection
EndGlobal
